
Microsoft Visual Studio Solution File, Format Version 12.00
# Visual Studio Version 16
VisualStudioVersion = 16.0.29230.61
MinimumVisualStudioVersion = 10.0.40219.1
Project("{FAE04EC0-301F-11D3-BF4B-00C04F79EFBC}") = "SchoolManagementSystem", "SchoolManagementSystem\SchoolManagementSystem.csproj", "{3856B0B7-BD41-4F2E-BECE-70C7D50C8104}"
EndProject
Global
	GlobalSection(SolutionConfigurationPlatforms) = preSolution
		Debug|Any CPU = Debug|Any CPU
		Release|Any CPU = Release|Any CPU
	EndGlobalSection
	GlobalSection(ProjectConfigurationPlatforms) = postSolution
		{3856B0B7-BD41-4F2E-BECE-70C7D50C8104}.Debug|Any CPU.ActiveCfg = Debug|Any CPU
		{3856B0B7-BD41-4F2E-BECE-70C7D50C8104}.Debug|Any CPU.Build.0 = Debug|Any CPU
		{3856B0B7-BD41-4F2E-BECE-70C7D50C8104}.Release|Any CPU.ActiveCfg = Release|Any CPU
		{3856B0B7-BD41-4F2E-BECE-70C7D50C8104}.Release|Any CPU.Build.0 = Release|Any CPU
	EndGlobalSection
	GlobalSection(SolutionProperties) = preSolution
		HideSolutionNode = FALSE
	EndGlobalSection
	GlobalSection(ExtensibilityGlobals) = postSolution
		SolutionGuid = {90902C8B-A049-41F3-8810-4FDAB1BC7F81}
	EndGlobalSection
EndGlobal
